
Microsoft Visual Studio Solution File, Format Version 12.00
# Visual Studio Version 17
VisualStudioVersion = 17.6.33815.320
MinimumVisualStudioVersion = 10.0.40219.1
Project("{FAE04EC0-301F-11D3-BF4B-00C04F79EFBC}") = "StudentDatabaseLab", "StudentDatabaseLab\StudentDatabaseLab.csproj", "{D641A0F2-221B-4B74-BD96-32000FEA5BAB}"
EndProject
Global
	GlobalSection(SolutionConfigurationPlatforms) = preSolution
		Debug|Any CPU = Debug|Any CPU
		Release|Any CPU = Release|Any CPU
	EndGlobalSection
	GlobalSection(ProjectConfigurationPlatforms) = postSolution
		{D641A0F2-221B-4B74-BD96-32000FEA5BAB}.Debug|Any CPU.ActiveCfg = Debug|Any CPU
		{D641A0F2-221B-4B74-BD96-32000FEA5BAB}.Debug|Any CPU.Build.0 = Debug|Any CPU
		{D641A0F2-221B-4B74-BD96-32000FEA5BAB}.Release|Any CPU.ActiveCfg = Release|Any CPU
		{D641A0F2-221B-4B74-BD96-32000FEA5BAB}.Release|Any CPU.Build.0 = Release|Any CPU
	EndGlobalSection
	GlobalSection(SolutionProperties) = preSolution
		HideSolutionNode = FALSE
	EndGlobalSection
	GlobalSection(ExtensibilityGlobals) = postSolution
		SolutionGuid = {CD0B64B7-9B15-4E8C-8212-BC251DB66DC5}
	EndGlobalSection
EndGlobal
